
Microsoft Visual Studio Solution File, Format Version 12.00
# Visual Studio Version 16
VisualStudioVersion = 16.0.30611.23
MinimumVisualStudioVersion = 10.0.40219.1
Project("{FAE04EC0-301F-11D3-BF4B-00C04F79EFBC}") = "ejercicios", "ejercicios\ejercicios.csproj", "{E76A2B72-2E5B-4905-B297-0FF459A876CC}"
EndProject
Global
	GlobalSection(SolutionConfigurationPlatforms) = preSolution
		Debug|Any CPU = Debug|Any CPU
		Release|Any CPU = Release|Any CPU
	EndGlobalSection
	GlobalSection(ProjectConfigurationPlatforms) = postSolution
		{E76A2B72-2E5B-4905-B297-0FF459A876CC}.Debug|Any CPU.ActiveCfg = Debug|Any CPU
		{E76A2B72-2E5B-4905-B297-0FF459A876CC}.Debug|Any CPU.Build.0 = Debug|Any CPU
		{E76A2B72-2E5B-4905-B297-0FF459A876CC}.Release|Any CPU.ActiveCfg = Release|Any CPU
		{E76A2B72-2E5B-4905-B297-0FF459A876CC}.Release|Any CPU.Build.0 = Release|Any CPU
	EndGlobalSection
	GlobalSection(SolutionProperties) = preSolution
		HideSolutionNode = FALSE
	EndGlobalSection
	GlobalSection(ExtensibilityGlobals) = postSolution
		SolutionGuid = {DB810962-B2D6-4844-8258-750A93A7605B}
	EndGlobalSection
EndGlobal
